
Microsoft Visual Studio Solution File, Format Version 12.00
# Visual Studio Version 16
VisualStudioVersion = 16.0.30523.141
MinimumVisualStudioVersion = 10.0.40219.1
Project("{FAE04EC0-301F-11D3-BF4B-00C04F79EFBC}") = "TestCoreAngular", "TestCoreAngular.csproj", "{17511E71-0358-48FE-B6A1-97864ECA9E5C}"
EndProject
Global
	GlobalSection(SolutionConfigurationPlatforms) = preSolution
		Debug|Any CPU = Debug|Any CPU
		Release|Any CPU = Release|Any CPU
	EndGlobalSection
	GlobalSection(ProjectConfigurationPlatforms) = postSolution
		{17511E71-0358-48FE-B6A1-97864ECA9E5C}.Debug|Any CPU.ActiveCfg = Debug|Any CPU
		{17511E71-0358-48FE-B6A1-97864ECA9E5C}.Debug|Any CPU.Build.0 = Debug|Any CPU
		{17511E71-0358-48FE-B6A1-97864ECA9E5C}.Release|Any CPU.ActiveCfg = Release|Any CPU
		{17511E71-0358-48FE-B6A1-97864ECA9E5C}.Release|Any CPU.Build.0 = Release|Any CPU
	EndGlobalSection
	GlobalSection(SolutionProperties) = preSolution
		HideSolutionNode = FALSE
	EndGlobalSection
	GlobalSection(ExtensibilityGlobals) = postSolution
		SolutionGuid = {BEA5D5B1-1BAA-45DA-9B86-ABB70C2639C0}
	EndGlobalSection
EndGlobal
